// !$*UTF8*$!
{
	archiveVersion = 1;
	classes = {
	};
	objectVersion = 50;
	objects = {

/* Begin PBXBuildFile section */
		884BE8FB232EA383009598B4 /* AppDelegate.swift in Sources */ = {isa = PBXBuildFile; fileRef = 884BE8FA232EA383009598B4 /* AppDelegate.swift */; };
		884BE8FD232EA383009598B4 /* SceneDelegate.swift in Sources */ = {isa = PBXBuildFile; fileRef = 884BE8FC232EA383009598B4 /* SceneDelegate.swift */; };
		884BE8FF232EA383009598B4 /* MainViewController.swift in Sources */ = {isa = PBXBuildFile; fileRef = 884BE8FE232EA383009598B4 /* MainViewController.swift */; };
		884BE905232EA384009598B4 /* BookCase.xcdatamodeld in Sources */ = {isa = PBXBuildFile; fileRef = 884BE903232EA384009598B4 /* BookCase.xcdatamodeld */; };
		884BE907232EA384009598B4 /* Assets.xcassets in Resources */ = {isa = PBXBuildFile; fileRef = 884BE906232EA384009598B4 /* Assets.xcassets */; };
		884BE90A232EA384009598B4 /* LaunchScreen.storyboard in Resources */ = {isa = PBXBuildFile; fileRef = 884BE908232EA384009598B4 /* LaunchScreen.storyboard */; };
		884BE915232EA385009598B4 /* BookCaseTests.swift in Sources */ = {isa = PBXBuildFile; fileRef = 884BE914232EA385009598B4 /* BookCaseTests.swift */; };
		884BE920232EA385009598B4 /* BookCaseUITests.swift in Sources */ = {isa = PBXBuildFile; fileRef = 884BE91F232EA385009598B4 /* BookCaseUITests.swift */; };
/* End PBXBuildFile section */

/* Begin PBXContainerItemProxy section */
		884BE911232EA385009598B4 /* PBXContainerItemProxy */ = {
			isa = PBXContainerItemProxy;
			containerPortal = 884BE8EF232EA383009598B4 /* Project object */;
			proxyType = 1;
			remoteGlobalIDString = 884BE8F6232EA383009598B4;
			remoteInfo = BookCase;
		};
		884BE91C232EA385009598B4 /* PBXContainerItemProxy */ = {
			isa = PBXContainerItemProxy;
			containerPortal = 884BE8EF232EA383009598B4 /* Project object */;
			proxyType = 1;
			remoteGlobalIDString = 884BE8F6232EA383009598B4;
			remoteInfo = BookCase;
		};
/* End PBXContainerItemProxy section */

/* Begin PBXFileReference section */
		884BE8F7232EA383009598B4 /* BookCase.app */ = {isa = PBXFileReference; explicitFileType = wrapper.application; includeInIndex = 0; path = BookCase.app; sourceTree = BUILT_PRODUCTS_DIR; };
		884BE8FA232EA383009598B4 /* AppDelegate.swift */ = {isa = PBXFileReference; lastKnownFileType = sourcecode.swift; path = AppDelegate.swift; sourceTree = "<group>"; };
		884BE8FC232EA383009598B4 /* SceneDelegate.swift */ = {isa = PBXFileReference; lastKnownFileType = sourcecode.swift; path = SceneDelegate.swift; sourceTree = "<group>"; };
		884BE8FE232EA383009598B4 /* MainViewController.swift */ = {isa = PBXFileReference; lastKnownFileType = sourcecode.swift; path = MainViewController.swift; sourceTree = "<group>"; };
		884BE904232EA384009598B4 /* BookCase.xcdatamodel */ = {isa = PBXFileReference; lastKnownFileType = wrapper.xcdatamodel; path = BookCase.xcdatamodel; sourceTree = "<group>"; };
		884BE906232EA384009598B4 /* Assets.xcassets */ = {isa = PBXFileReference; lastKnownFileType = folder.assetcatalog; path = Assets.xcassets; sourceTree = "<group>"; };
		884BE909232EA384009598B4 /* Base */ = {isa = PBXFileReference; lastKnownFileType = file.storyboard; name = Base; path = Base.lproj/LaunchScreen.storyboard; sourceTree = "<group>"; };
		884BE90B232EA384009598B4 /* Info.plist */ = {isa = PBXFileReference; lastKnownFileType = text.plist.xml; path = Info.plist; sourceTree = "<group>"; };
		884BE910232EA385009598B4 /* BookCaseTests.xctest */ = {isa = PBXFileReference; explicitFileType = wrapper.cfbundle; includeInIndex = 0; path = BookCaseTests.xctest; sourceTree = BUILT_PRODUCTS_DIR; };
		884BE914232EA385009598B4 /* BookCaseTests.swift */ = {isa = PBXFileReference; lastKnownFileType = sourcecode.swift; path = BookCaseTests.swift; sourceTree = "<group>"; };
		884BE916232EA385009598B4 /* Info.plist */ = {isa = PBXFileReference; lastKnownFileType = text.plist.xml; path = Info.plist; sourceTree = "<group>"; };
		884BE91B232EA385009598B4 /* BookCaseUITests.xctest */ = {isa = PBXFileReference; explicitFileType = wrapper.cfbundle; includeInIndex = 0; path = BookCaseUITests.xctest; sourceTree = BUILT_PRODUCTS_DIR; };
		884BE91F232EA385009598B4 /* BookCaseUITests.swift */ = {isa = PBXFileReference; lastKnownFileType = sourcecode.swift; path = BookCaseUITests.swift; sourceTree = "<group>"; };
		884BE921232EA385009598B4 /* Info.plist */ = {isa = PBXFileReference; lastKnownFileType = text.plist.xml; path = Info.plist; sourceTree = "<group>"; };
/* End PBXFileReference section */

/* Begin PBXFrameworksBuildPhase section */
		884BE8F4232EA383009598B4 /* Frameworks */ = {
			isa = PBXFrameworksBuildPhase;
			buildActionMask = 2147483647;
			files = (
			);
			runOnlyForDeploymentPostprocessing = 0;
		};
		884BE90D232EA385009598B4 /* Frameworks */ = {
			isa = PBXFrameworksBuildPhase;
			buildActionMask = 2147483647;
			files = (
			);
			runOnlyForDeploymentPostprocessing = 0;
		};
		884BE918232EA385009598B4 /* Frameworks */ = {
			isa = PBXFrameworksBuildPhase;
			buildActionMask = 2147483647;
			files = (
			);
			runOnlyForDeploymentPostprocessing = 0;
		};
/* End PBXFrameworksBuildPhase section */

/* Begin PBXGroup section */
		881C37A4233A85A9004A4455 /* Constants */ = {
			isa = PBXGroup;
			children = (
			);
			path = Constants;
			sourceTree = "<group>";
		};
		881C37A5233A85B2004A4455 /* Localization */ = {
			isa = PBXGroup;
			children = (
			);
			path = Localization;
			sourceTree = "<group>";
		};
		881C37A6233A85BA004A4455 /* Persistence */ = {
			isa = PBXGroup;
			children = (
			);
			path = Persistence;
			sourceTree = "<group>";
		};
		884BE8EE232EA383009598B4 = {
			isa = PBXGroup;
			children = (
				884BE8F9232EA383009598B4 /* BookCase */,
				884BE913232EA385009598B4 /* BookCaseTests */,
				884BE91E232EA385009598B4 /* BookCaseUITests */,
				884BE8F8232EA383009598B4 /* Products */,
			);
			sourceTree = "<group>";
		};
		884BE8F8232EA383009598B4 /* Products */ = {
			isa = PBXGroup;
			children = (
				884BE8F7232EA383009598B4 /* BookCase.app */,
				884BE910232EA385009598B4 /* BookCaseTests.xctest */,
				884BE91B232EA385009598B4 /* BookCaseUITests.xctest */,
			);
			name = Products;
			sourceTree = "<group>";
		};
		884BE8F9232EA383009598B4 /* BookCase */ = {
			isa = PBXGroup;
			children = (
				881C37A6233A85BA004A4455 /* Persistence */,
				881C37A5233A85B2004A4455 /* Localization */,
				881C37A4233A85A9004A4455 /* Constants */,
				884BE8FA232EA383009598B4 /* AppDelegate.swift */,
				884BE8FC232EA383009598B4 /* SceneDelegate.swift */,
				884BE8FE232EA383009598B4 /* MainViewController.swift */,
				884BE906232EA384009598B4 /* Assets.xcassets */,
				884BE908232EA384009598B4 /* LaunchScreen.storyboard */,
				884BE90B232EA384009598B4 /* Info.plist */,
				884BE903232EA384009598B4 /* BookCase.xcdatamodeld */,
			);
			path = BookCase;
			sourceTree = "<group>";
		};
		884BE913232EA385009598B4 /* BookCaseTests */ = {
			isa = PBXGroup;
			children = (
				884BE914232EA385009598B4 /* BookCaseTests.swift */,
				884BE916232EA385009598B4 /* Info.plist */,
			);
			path = BookCaseTests;
			sourceTree = "<group>";
		};
		884BE91E232EA385009598B4 /* BookCaseUITests */ = {
			isa = PBXGroup;
			children = (
				884BE91F232EA385009598B4 /* BookCaseUITests.swift */,
				884BE921232EA385009598B4 /* Info.plist */,
			);
			path = BookCaseUITests;
			sourceTree = "<group>";
		};
/* End PBXGroup section */

/* Begin PBXNativeTarget section */
		884BE8F6232EA383009598B4 /* BookCase */ = {
			isa = PBXNativeTarget;
			buildConfigurationList = 884BE924232EA385009598B4 /* Build configuration list for PBXNativeTarget "BookCase" */;
			buildPhases = (
				884BE8F3232EA383009598B4 /* Sources */,
				884BE8F4232EA383009598B4 /* Frameworks */,
				884BE8F5232EA383009598B4 /* Resources */,
			);
			buildRules = (
			);
			dependencies = (
			);
			name = BookCase;
			productName = BookCase;
			productReference = 884BE8F7232EA383009598B4 /* BookCase.app */;
			productType = "com.apple.product-type.application";
		};
		884BE90F232EA385009598B4 /* BookCaseTests */ = {
			isa = PBXNativeTarget;
			buildConfigurationList = 884BE927232EA385009598B4 /* Build configuration list for PBXNativeTarget "BookCaseTests" */;
			buildPhases = (
				884BE90C232EA385009598B4 /* Sources */,
				884BE90D232EA385009598B4 /* Frameworks */,
				884BE90E232EA385009598B4 /* Resources */,
			);
			buildRules = (
			);
			dependencies = (
				884BE912232EA385009598B4 /* PBXTargetDependency */,
			);
			name = BookCaseTests;
			productName = BookCaseTests;
			productReference = 884BE910232EA385009598B4 /* BookCaseTests.xctest */;
			productType = "com.apple.product-type.bundle.unit-test";
		};
		884BE91A232EA385009598B4 /* BookCaseUITests */ = {
			isa = PBXNativeTarget;
			buildConfigurationList = 884BE92A232EA385009598B4 /* Build configuration list for PBXNativeTarget "BookCaseUITests" */;
			buildPhases = (
				884BE917232EA385009598B4 /* Sources */,
				884BE918232EA385009598B4 /* Frameworks */,
				884BE919232EA385009598B4 /* Resources */,
			);
			buildRules = (
			);
			dependencies = (
				884BE91D232EA385009598B4 /* PBXTargetDependency */,
			);
			name = BookCaseUITests;
			productName = BookCaseUITests;
			productReference = 884BE91B232EA385009598B4 /* BookCaseUITests.xctest */;
			productType = "com.apple.product-type.bundle.ui-testing";
		};
/* End PBXNativeTarget section */

/* Begin PBXProject section */
		884BE8EF232EA383009598B4 /* Project object */ = {
			isa = PBXProject;
			attributes = {
				LastSwiftUpdateCheck = 1100;
				LastUpgradeCheck = 1100;
				ORGANIZATIONNAME = SathishKumar;
				TargetAttributes = {
					884BE8F6232EA383009598B4 = {
						CreatedOnToolsVersion = 11.0;
					};
					884BE90F232EA385009598B4 = {
						CreatedOnToolsVersion = 11.0;
						TestTargetID = 884BE8F6232EA383009598B4;
					};
					884BE91A232EA385009598B4 = {
						CreatedOnToolsVersion = 11.0;
						TestTargetID = 884BE8F6232EA383009598B4;
					};
				};
			};
			buildConfigurationList = 884BE8F2232EA383009598B4 /* Build configuration list for PBXProject "BookCase" */;
			compatibilityVersion = "Xcode 9.3";
			developmentRegion = en;
			hasScannedForEncodings = 0;
			knownRegions = (
				en,
				Base,
			);
			mainGroup = 884BE8EE232EA383009598B4;
			productRefGroup = 884BE8F8232EA383009598B4 /* Products */;
			projectDirPath = "";
			projectRoot = "";
			targets = (
				884BE8F6232EA383009598B4 /* BookCase */,
				884BE90F232EA385009598B4 /* BookCaseTests */,
				884BE91A232EA385009598B4 /* BookCaseUITests */,
			);
		};
/* End PBXProject section */

/* Begin PBXResourcesBuildPhase section */
		884BE8F5232EA383009598B4 /* Resources */ = {
			isa = PBXResourcesBuildPhase;
			buildActionMask = 2147483647;
			files = (
				884BE90A232EA384009598B4 /* LaunchScreen.storyboard in Resources */,
				884BE907232EA384009598B4 /* Assets.xcassets in Resources */,
			);
			runOnlyForDeploymentPostprocessing = 0;
		};
		884BE90E232EA385009598B4 /* Resources */ = {
			isa = PBXResourcesBuildPhase;
			buildActionMask = 2147483647;
			files = (
			);
			runOnlyForDeploymentPostprocessing = 0;
		};
		884BE919232EA385009598B4 /* Resources */ = {
			isa = PBXResourcesBuildPhase;
			buildActionMask = 2147483647;
			files = (
			);
			runOnlyForDeploymentPostprocessing = 0;
		};
/* End PBXResourcesBuildPhase section */

/* Begin PBXSourcesBuildPhase section */
		884BE8F3232EA383009598B4 /* Sources */ = {
			isa = PBXSourcesBuildPhase;
			buildActionMask = 2147483647;
			files = (
				884BE905232EA384009598B4 /* BookCase.xcdatamodeld in Sources */,
				884BE8FF232EA383009598B4 /* MainViewController.swift in Sources */,
				884BE8FB232EA383009598B4 /* AppDelegate.swift in Sources */,
				884BE8FD232EA383009598B4 /* SceneDelegate.swift in Sources */,
			);
			runOnlyForDeploymentPostprocessing = 0;
		};
		884BE90C232EA385009598B4 /* Sources */ = {
			isa = PBXSourcesBuildPhase;
			buildActionMask = 2147483647;
			files = (
				884BE915232EA385009598B4 /* BookCaseTests.swift in Sources */,
			);
			runOnlyForDeploymentPostprocessing = 0;
		};
		884BE917232EA385009598B4 /* Sources */ = {
			isa = PBXSourcesBuildPhase;
			buildActionMask = 2147483647;
			files = (
				884BE920232EA385009598B4 /* BookCaseUITests.swift in Sources */,
			);
			runOnlyForDeploymentPostprocessing = 0;
		};
/* End PBXSourcesBuildPhase section */

/* Begin PBXTargetDependency section */
		884BE912232EA385009598B4 /* PBXTargetDependency */ = {
			isa = PBXTargetDependency;
			target = 884BE8F6232EA383009598B4 /* BookCase */;
			targetProxy = 884BE911232EA385009598B4 /* PBXContainerItemProxy */;
		};
		884BE91D232EA385009598B4 /* PBXTargetDependency */ = {
			isa = PBXTargetDependency;
			target = 884BE8F6232EA383009598B4 /* BookCase */;
			targetProxy = 884BE91C232EA385009598B4 /* PBXContainerItemProxy */;
		};
/* End PBXTargetDependency section */

/* Begin PBXVariantGroup section */
		884BE908232EA384009598B4 /* LaunchScreen.storyboard */ = {
			isa = PBXVariantGroup;
			children = (
				884BE909232EA384009598B4 /* Base */,
			);
			name = LaunchScreen.storyboard;
			sourceTree = "<group>";
		};
/* End PBXVariantGroup section */

/* Begin XCBuildConfiguration section */
		884BE922232EA385009598B4 /* Debug */ = {
			isa = XCBuildConfiguration;
			buildSettings = {
				ALWAYS_SEARCH_USER_PATHS = NO;
				CLANG_ANALYZER_NONNULL = YES;
				CLANG_ANALYZER_NUMBER_OBJECT_CONVERSION = YES_AGGRESSIVE;
				CLANG_CXX_LANGUAGE_STANDARD = "gnu++14";
				CLANG_CXX_LIBRARY = "libc++";
				CLANG_ENABLE_MODULES = YES;
				CLANG_ENABLE_OBJC_ARC = YES;
				CLANG_ENABLE_OBJC_WEAK = YES;
				CLANG_WARN_BLOCK_CAPTURE_AUTORELEASING = YES;
				CLANG_WARN_BOOL_CONVERSION = YES;
				CLANG_WARN_COMMA = YES;
				CLANG_WARN_CONSTANT_CONVERSION = YES;
				CLANG_WARN_DEPRECATED_OBJC_IMPLEMENTATIONS = YES;
				CLANG_WARN_DIRECT_OBJC_ISA_USAGE = YES_ERROR;
				CLANG_WARN_DOCUMENTATION_COMMENTS = YES;
				CLANG_WARN_EMPTY_BODY = YES;
				CLANG_WARN_ENUM_CONVERSION = YES;
				CLANG_WARN_INFINITE_RECURSION = YES;
				CLANG_WARN_INT_CONVERSION = YES;
				CLANG_WARN_NON_LITERAL_NULL_CONVERSION = YES;
				CLANG_WARN_OBJC_IMPLICIT_RETAIN_SELF = YES;
				CLANG_WARN_OBJC_LITERAL_CONVERSION = YES;
				CLANG_WARN_OBJC_ROOT_CLASS = YES_ERROR;
				CLANG_WARN_RANGE_LOOP_ANALYSIS = YES;
				CLANG_WARN_STRICT_PROTOTYPES = YES;
				CLANG_WARN_SUSPICIOUS_MOVE = YES;
				CLANG_WARN_UNGUARDED_AVAILABILITY = YES_AGGRESSIVE;
				CLANG_WARN_UNREACHABLE_CODE = YES;
				CLANG_WARN__DUPLICATE_METHOD_MATCH = YES;
				COPY_PHASE_STRIP = NO;
				DEBUG_INFORMATION_FORMAT = dwarf;
				ENABLE_STRICT_OBJC_MSGSEND = YES;
				ENABLE_TESTABILITY = YES;
				GCC_C_LANGUAGE_STANDARD = gnu11;
				GCC_DYNAMIC_NO_PIC = NO;
				GCC_NO_COMMON_BLOCKS = YES;
				GCC_OPTIMIZATION_LEVEL = 0;
				GCC_PREPROCESSOR_DEFINITIONS = (
					"DEBUG=1",
					"$(inherited)",
				);
				GCC_WARN_64_TO_32_BIT_CONVERSION = YES;
				GCC_WARN_ABOUT_RETURN_TYPE = YES_ERROR;
				GCC_WARN_UNDECLARED_SELECTOR = YES;
				GCC_WARN_UNINITIALIZED_AUTOS = YES_AGGRESSIVE;
				GCC_WARN_UNUSED_FUNCTION = YES;
				GCC_WARN_UNUSED_VARIABLE = YES;
				IPHONEOS_DEPLOYMENT_TARGET = 13.0;
				MTL_ENABLE_DEBUG_INFO = INCLUDE_SOURCE;
				MTL_FAST_MATH = YES;
				ONLY_ACTIVE_ARCH = YES;
				SDKROOT = iphoneos;
				SWIFT_ACTIVE_COMPILATION_CONDITIONS = DEBUG;
				SWIFT_OPTIMIZATION_LEVEL = "-Onone";
			};
			name = Debug;
		};
		884BE923232EA385009598B4 /* Release */ = {
			isa = XCBuildConfiguration;
			buildSettings = {
				ALWAYS_SEARCH_USER_PATHS = NO;
				CLANG_ANALYZER_NONNULL = YES;
				CLANG_ANALYZER_NUMBER_OBJECT_CONVERSION = YES_AGGRESSIVE;
				CLANG_CXX_LANGUAGE_STANDARD = "gnu++14";
				CLANG_CXX_LIBRARY = "libc++";
				CLANG_ENABLE_MODULES = YES;
				CLANG_ENABLE_OBJC_ARC = YES;
				CLANG_ENABLE_OBJC_WEAK = YES;
				CLANG_WARN_BLOCK_CAPTURE_AUTORELEASING = YES;
				CLANG_WARN_BOOL_CONVERSION = YES;
				CLANG_WARN_COMMA = YES;
				CLANG_WARN_CONSTANT_CONVERSION = YES;
				CLANG_WARN_DEPRECATED_OBJC_IMPLEMENTATIONS = YES;
				CLANG_WARN_DIRECT_OBJC_ISA_USAGE = YES_ERROR;
				CLANG_WARN_DOCUMENTATION_COMMENTS = YES;
				CLANG_WARN_EMPTY_BODY = YES;
				CLANG_WARN_ENUM_CONVERSION = YES;
				CLANG_WARN_INFINITE_RECURSION = YES;
				CLANG_WARN_INT_CONVERSION = YES;
				CLANG_WARN_NON_LITERAL_NULL_CONVERSION = YES;
				CLANG_WARN_OBJC_IMPLICIT_RETAIN_SELF = YES;
				CLANG_WARN_OBJC_LITERAL_CONVERSION = YES;
				CLANG_WARN_OBJC_ROOT_CLASS = YES_ERROR;
				CLANG_WARN_RANGE_LOOP_ANALYSIS = YES;
				CLANG_WARN_STRICT_PROTOTYPES = YES;
				CLANG_WARN_SUSPICIOUS_MOVE = YES;
				CLANG_WARN_UNGUARDED_AVAILABILITY = YES_AGGRESSIVE;
				CLANG_WARN_UNREACHABLE_CODE = YES;
				CLANG_WARN__DUPLICATE_METHOD_MATCH = YES;
				COPY_PHASE_STRIP = NO;
				DEBUG_INFORMATION_FORMAT = "dwarf-with-dsym";
				ENABLE_NS_ASSERTIONS = NO;
				ENABLE_STRICT_OBJC_MSGSEND = YES;
				GCC_C_LANGUAGE_STANDARD = gnu11;
				GCC_NO_COMMON_BLOCKS = YES;
				GCC_WARN_64_TO_32_BIT_CONVERSION = YES;
				GCC_WARN_ABOUT_RETURN_TYPE = YES_ERROR;
				GCC_WARN_UNDECLARED_SELECTOR = YES;
				GCC_WARN_UNINITIALIZED_AUTOS = YES_AGGRESSIVE;
				GCC_WARN_UNUSED_FUNCTION = YES;
				GCC_WARN_UNUSED_VARIABLE = YES;
				IPHONEOS_DEPLOYMENT_TARGET = 13.0;
				MTL_ENABLE_DEBUG_INFO = NO;
				MTL_FAST_MATH = YES;
				SDKROOT = iphoneos;
				SWIFT_COMPILATION_MODE = wholemodule;
				SWIFT_OPTIMIZATION_LEVEL = "-O";
				VALIDATE_PRODUCT = YES;
			};
			name = Release;
		};
		884BE925232EA385009598B4 /* Debug */ = {
			isa = XCBuildConfiguration;
			buildSettings = {
				ASSETCATALOG_COMPILER_APPICON_NAME = AppIcon;
				CODE_SIGN_STYLE = Automatic;
				DEVELOPMENT_TEAM = 2P37A69V42;
				INFOPLIST_FILE = BookCase/Info.plist;
				IPHONEOS_DEPLOYMENT_TARGET = 11.0;
				LD_RUNPATH_SEARCH_PATHS = (
					"$(inherited)",
					"@executable_path/Frameworks",
				);
				PRODUCT_BUNDLE_IDENTIFIER = com.ghost.BookCase;
				PRODUCT_NAME = "$(TARGET_NAME)";
				SWIFT_VERSION = 5.0;
				TARGETED_DEVICE_FAMILY = "1,2";
			};
			name = Debug;
		};
		884BE926232EA385009598B4 /* Release */ = {
			isa = XCBuildConfiguration;
			buildSettings = {
				ASSETCATALOG_COMPILER_APPICON_NAME = AppIcon;
				CODE_SIGN_STYLE = Automatic;
				DEVELOPMENT_TEAM = 2P37A69V42;
				INFOPLIST_FILE = BookCase/Info.plist;
				IPHONEOS_DEPLOYMENT_TARGET = 11.0;
				LD_RUNPATH_SEARCH_PATHS = (
					"$(inherited)",
					"@executable_path/Frameworks",
				);
				PRODUCT_BUNDLE_IDENTIFIER = com.ghost.BookCase;
				PRODUCT_NAME = "$(TARGET_NAME)";
				SWIFT_VERSION = 5.0;
				TARGETED_DEVICE_FAMILY = "1,2";
			};
			name = Release;
		};
		884BE928232EA385009598B4 /* Debug */ = {
			isa = XCBuildConfiguration;
			buildSettings = {
				ALWAYS_EMBED_SWIFT_STANDARD_LIBRARIES = YES;
				BUNDLE_LOADER = "$(TEST_HOST)";
				CODE_SIGN_STYLE = Automatic;
				DEVELOPMENT_TEAM = 2P37A69V42;
				INFOPLIST_FILE = BookCaseTests/Info.plist;
				IPHONEOS_DEPLOYMENT_TARGET = 13.0;
				LD_RUNPATH_SEARCH_PATHS = (
					"$(inherited)",
					"@executable_path/Frameworks",
					"@loader_path/Frameworks",
				);
				PRODUCT_BUNDLE_IDENTIFIER = com.ghost.BookCaseTests;
				PRODUCT_NAME = "$(TARGET_NAME)";
				SWIFT_VERSION = 5.0;
				TARGETED_DEVICE_FAMILY = "1,2";
				TEST_HOST = "$(BUILT_PRODUCTS_DIR)/BookCase.app/BookCase";
			};
			name = Debug;
		};
		884BE929232EA385009598B4 /* Release */ = {
			isa = XCBuildConfiguration;
			buildSettings = {
				ALWAYS_EMBED_SWIFT_STANDARD_LIBRARIES = YES;
				BUNDLE_LOADER = "$(TEST_HOST)";
				CODE_SIGN_STYLE = Automatic;
				DEVELOPMENT_TEAM = 2P37A69V42;
				INFOPLIST_FILE = BookCaseTests/Info.plist;
				IPHONEOS_DEPLOYMENT_TARGET = 13.0;
				LD_RUNPATH_SEARCH_PATHS = (
					"$(inherited)",
					"@executable_path/Frameworks",
					"@loader_path/Frameworks",
				);
				PRODUCT_BUNDLE_IDENTIFIER = com.ghost.BookCaseTests;
				PRODUCT_NAME = "$(TARGET_NAME)";
				SWIFT_VERSION = 5.0;
				TARGETED_DEVICE_FAMILY = "1,2";
				TEST_HOST = "$(BUILT_PRODUCTS_DIR)/BookCase.app/BookCase";
			};
			name = Release;
		};
		884BE92B232EA385009598B4 /* Debug */ = {
			isa = XCBuildConfiguration;
			buildSettings = {
				ALWAYS_EMBED_SWIFT_STANDARD_LIBRARIES = YES;
				CODE_SIGN_STYLE = Automatic;
				DEVELOPMENT_TEAM = 2P37A69V42;
				INFOPLIST_FILE = BookCaseUITests/Info.plist;
				LD_RUNPATH_SEARCH_PATHS = (
					"$(inherited)",
					"@executable_path/Frameworks",
					"@loader_path/Frameworks",
				);
				PRODUCT_BUNDLE_IDENTIFIER = com.ghost.BookCaseUITests;
				PRODUCT_NAME = "$(TARGET_NAME)";
				SWIFT_VERSION = 5.0;
				TARGETED_DEVICE_FAMILY = "1,2";
				TEST_TARGET_NAME = BookCase;
			};
			name = Debug;
		};
		884BE92C232EA385009598B4 /* Release */ = {
			isa = XCBuildConfiguration;
			buildSettings = {
				ALWAYS_EMBED_SWIFT_STANDARD_LIBRARIES = YES;
				CODE_SIGN_STYLE = Automatic;
				DEVELOPMENT_TEAM = 2P37A69V42;
				INFOPLIST_FILE = BookCaseUITests/Info.plist;
				LD_RUNPATH_SEARCH_PATHS = (
					"$(inherited)",
					"@executable_path/Frameworks",
					"@loader_path/Frameworks",
				);
				PRODUCT_BUNDLE_IDENTIFIER = com.ghost.BookCaseUITests;
				PRODUCT_NAME = "$(TARGET_NAME)";
				SWIFT_VERSION = 5.0;
				TARGETED_DEVICE_FAMILY = "1,2";
				TEST_TARGET_NAME = BookCase;
			};
			name = Release;
		};
/* End XCBuildConfiguration section */

/* Begin XCConfigurationList section */
		884BE8F2232EA383009598B4 /* Build configuration list for PBXProject "BookCase" */ = {
			isa = XCConfigurationList;
			buildConfigurations = (
				884BE922232EA385009598B4 /* Debug */,
				884BE923232EA385009598B4 /* Release */,
			);
			defaultConfigurationIsVisible = 0;
			defaultConfigurationName = Release;
		};
		884BE924232EA385009598B4 /* Build configuration list for PBXNativeTarget "BookCase" */ = {
			isa = XCConfigurationList;
			buildConfigurations = (
				884BE925232EA385009598B4 /* Debug */,
				884BE926232EA385009598B4 /* Release */,
			);
			defaultConfigurationIsVisible = 0;
			defaultConfigurationName = Release;
		};
		884BE927232EA385009598B4 /* Build configuration list for PBXNativeTarget "BookCaseTests" */ = {
			isa = XCConfigurationList;
			buildConfigurations = (
				884BE928232EA385009598B4 /* Debug */,
				884BE929232EA385009598B4 /* Release */,
			);
			defaultConfigurationIsVisible = 0;
			defaultConfigurationName = Release;
		};
		884BE92A232EA385009598B4 /* Build configuration list for PBXNativeTarget "BookCaseUITests" */ = {
			isa = XCConfigurationList;
			buildConfigurations = (
				884BE92B232EA385009598B4 /* Debug */,
				884BE92C232EA385009598B4 /* Release */,
			);
			defaultConfigurationIsVisible = 0;
			defaultConfigurationName = Release;
		};
/* End XCConfigurationList section */

/* Begin XCVersionGroup section */
		884BE903232EA384009598B4 /* BookCase.xcdatamodeld */ = {
			isa = XCVersionGroup;
			children = (
				884BE904232EA384009598B4 /* BookCase.xcdatamodel */,
			);
			currentVersion = 884BE904232EA384009598B4 /* BookCase.xcdatamodel */;
			path = BookCase.xcdatamodeld;
			sourceTree = "<group>";
			versionGroupType = wrapper.xcdatamodel;
		};
/* End XCVersionGroup section */
	};
	rootObject = 884BE8EF232EA383009598B4 /* Project object */;
}
